
Microsoft Visual Studio Solution File, Format Version 12.00
# Visual Studio Version 17
VisualStudioVersion = 17.5.002.0
MinimumVisualStudioVersion = 10.0.40219.1
Project("{9A19103F-16F7-4668-BE54-9A1E7A4F7556}") = "SpaDay6", "SpaDay6.csproj", "{3310C357-591F-4F17-99BA-41368006F33D}"
EndProject
Global
	GlobalSection(SolutionConfigurationPlatforms) = preSolution
		Debug|Any CPU = Debug|Any CPU
		Release|Any CPU = Release|Any CPU
	EndGlobalSection
	GlobalSection(ProjectConfigurationPlatforms) = postSolution
		{3310C357-591F-4F17-99BA-41368006F33D}.Debug|Any CPU.ActiveCfg = Debug|Any CPU
		{3310C357-591F-4F17-99BA-41368006F33D}.Debug|Any CPU.Build.0 = Debug|Any CPU
		{3310C357-591F-4F17-99BA-41368006F33D}.Release|Any CPU.ActiveCfg = Release|Any CPU
		{3310C357-591F-4F17-99BA-41368006F33D}.Release|Any CPU.Build.0 = Release|Any CPU
	EndGlobalSection
	GlobalSection(SolutionProperties) = preSolution
		HideSolutionNode = FALSE
	EndGlobalSection
	GlobalSection(ExtensibilityGlobals) = postSolution
		SolutionGuid = {F975BD66-A0C4-4630-A020-C96FC2769553}
	EndGlobalSection
EndGlobal
